// !$*UTF8*$!
{
	archiveVersion = 1;
	classes = {
	};
	objectVersion = 46;
	objects = {

/* Begin PBXBuildFile section */
		2A20799563F57D2F67B28DD4 /* Pods_WeeDoo.framework in Frameworks */ = {isa = PBXBuildFile; fileRef = 56BC8F3FD4D684EFAA5E443F /* Pods_WeeDoo.framework */; };
		672B43F41D047E0B00FC31FC /* WDBaseProjectDetailViewController.swift in Sources */ = {isa = PBXBuildFile; fileRef = 672B43F31D047E0B00FC31FC /* WDBaseProjectDetailViewController.swift */; };
		672B43F61D047EB500FC31FC /* WDProjectInfoViewController.swift in Sources */ = {isa = PBXBuildFile; fileRef = 672B43F51D047EB500FC31FC /* WDProjectInfoViewController.swift */; };
		672B43F81D0481E100FC31FC /* WDProjectTaskListViewController.swift in Sources */ = {isa = PBXBuildFile; fileRef = 672B43F71D0481E100FC31FC /* WDProjectTaskListViewController.swift */; };
		672B43FA1D04824400FC31FC /* WDProjectTaskDiscussViewController.swift in Sources */ = {isa = PBXBuildFile; fileRef = 672B43F91D04824400FC31FC /* WDProjectTaskDiscussViewController.swift */; };
		672B43FC1D04828D00FC31FC /* WDProjectReportViewController.swift in Sources */ = {isa = PBXBuildFile; fileRef = 672B43FB1D04828D00FC31FC /* WDProjectReportViewController.swift */; };
		672B43FE1D0482B300FC31FC /* WDProjectOptionViewController.swift in Sources */ = {isa = PBXBuildFile; fileRef = 672B43FD1D0482B300FC31FC /* WDProjectOptionViewController.swift */; };
		672B44001D0483BB00FC31FC /* WDProjectResourceViewController.swift in Sources */ = {isa = PBXBuildFile; fileRef = 672B43FF1D0483BB00FC31FC /* WDProjectResourceViewController.swift */; };
		672B44031D04867B00FC31FC /* WDMainNavigationViewController.swift in Sources */ = {isa = PBXBuildFile; fileRef = 672B44021D04867B00FC31FC /* WDMainNavigationViewController.swift */; };
		672B44051D0489DF00FC31FC /* WDMessengerViewController.swift in Sources */ = {isa = PBXBuildFile; fileRef = 672B44041D0489DF00FC31FC /* WDMessengerViewController.swift */; };
		672B44071D0489F700FC31FC /* WDRequestViewController.swift in Sources */ = {isa = PBXBuildFile; fileRef = 672B44061D0489F700FC31FC /* WDRequestViewController.swift */; };
		672B44091D048A1700FC31FC /* WDNotificationViewController.swift in Sources */ = {isa = PBXBuildFile; fileRef = 672B44081D048A1700FC31FC /* WDNotificationViewController.swift */; };
		672B440B1D048A3C00FC31FC /* WDNewFeedViewController.swift in Sources */ = {isa = PBXBuildFile; fileRef = 672B440A1D048A3C00FC31FC /* WDNewFeedViewController.swift */; };
		672B440D1D048D9C00FC31FC /* WDMoreViewController.swift in Sources */ = {isa = PBXBuildFile; fileRef = 672B440C1D048D9C00FC31FC /* WDMoreViewController.swift */; };
		675D2DA31CFF421C00F67BAE /* BaseNavigationViewController.swift in Sources */ = {isa = PBXBuildFile; fileRef = 675D2DA21CFF421C00F67BAE /* BaseNavigationViewController.swift */; };
		6783CF261D140BEA008BBB4E /* ProjectInforTableViewCell.swift in Sources */ = {isa = PBXBuildFile; fileRef = 6783CF251D140BEA008BBB4E /* ProjectInforTableViewCell.swift */; };
		6799668D1CDA4ABF00FF52C6 /* AppDelegate.swift in Sources */ = {isa = PBXBuildFile; fileRef = 6799668C1CDA4ABF00FF52C6 /* AppDelegate.swift */; };
		6799668F1CDA4ABF00FF52C6 /* ViewController.swift in Sources */ = {isa = PBXBuildFile; fileRef = 6799668E1CDA4ABF00FF52C6 /* ViewController.swift */; };
		679966921CDA4ABF00FF52C6 /* Main.storyboard in Resources */ = {isa = PBXBuildFile; fileRef = 679966901CDA4ABF00FF52C6 /* Main.storyboard */; };
		679966951CDA4ABF00FF52C6 /* WeeDoo.xcdatamodeld in Sources */ = {isa = PBXBuildFile; fileRef = 679966931CDA4ABF00FF52C6 /* WeeDoo.xcdatamodeld */; };
		679966971CDA4ABF00FF52C6 /* Assets.xcassets in Resources */ = {isa = PBXBuildFile; fileRef = 679966961CDA4ABF00FF52C6 /* Assets.xcassets */; };
		6799669A1CDA4ABF00FF52C6 /* LaunchScreen.storyboard in Resources */ = {isa = PBXBuildFile; fileRef = 679966981CDA4ABF00FF52C6 /* LaunchScreen.storyboard */; };
		679966A51CDA4AC000FF52C6 /* WeeDooTests.swift in Sources */ = {isa = PBXBuildFile; fileRef = 679966A41CDA4AC000FF52C6 /* WeeDooTests.swift */; };
		679966B01CDA4AC000FF52C6 /* WeeDooUITests.swift in Sources */ = {isa = PBXBuildFile; fileRef = 679966AF1CDA4AC000FF52C6 /* WeeDooUITests.swift */; };
		679966BF1CDA4D8D00FF52C6 /* WDLoginViewController.swift in Sources */ = {isa = PBXBuildFile; fileRef = 679966BE1CDA4D8D00FF52C6 /* WDLoginViewController.swift */; };
		679966E81CDBA36C00FF52C6 /* Harlow Solid Italic Italic.ttf in Resources */ = {isa = PBXBuildFile; fileRef = 679966E71CDBA36C00FF52C6 /* Harlow Solid Italic Italic.ttf */; };
		67A5E7CC1CE3834700CD8FF0 /* GoogleService-Info.plist in Resources */ = {isa = PBXBuildFile; fileRef = 67A5E7CB1CE3834700CD8FF0 /* GoogleService-Info.plist */; };
		67C8D5311CDE5D910075F435 /* WDTextField.swift in Sources */ = {isa = PBXBuildFile; fileRef = 67C8D5301CDE5D910075F435 /* WDTextField.swift */; };
		67C90ADB1D1062A300F1CDCB /* RegisterViewController.swift in Sources */ = {isa = PBXBuildFile; fileRef = 67C90ADA1D1062A300F1CDCB /* RegisterViewController.swift */; };
		67E059991CE0F29F00568F4E /* FBSDKCoreKit.framework in Frameworks */ = {isa = PBXBuildFile; fileRef = 67E059981CE0F29F00568F4E /* FBSDKCoreKit.framework */; };
		67E0599B1CE0F2A800568F4E /* FBSDKLoginKit.framework in Frameworks */ = {isa = PBXBuildFile; fileRef = 67E0599A1CE0F2A800568F4E /* FBSDKLoginKit.framework */; };
		67E0599F1CE0FFC900568F4E /* FBSDKShareKit.framework in Frameworks */ = {isa = PBXBuildFile; fileRef = 67E0599E1CE0FFC900568F4E /* FBSDKShareKit.framework */; };
		67EA45251CFB5E3E00C07D55 /* WDProjectViewController.swift in Sources */ = {isa = PBXBuildFile; fileRef = 67EA45241CFB5E3E00C07D55 /* WDProjectViewController.swift */; };
		67EA452B1CFB659D00C07D55 /* ProjectTableViewCell.swift in Sources */ = {isa = PBXBuildFile; fileRef = 67EA45291CFB659D00C07D55 /* ProjectTableViewCell.swift */; };
		67EA452C1CFB659D00C07D55 /* ProjectTableViewCell.xib in Resources */ = {isa = PBXBuildFile; fileRef = 67EA452A1CFB659D00C07D55 /* ProjectTableViewCell.xib */; };
		67EA45311CFCACBA00C07D55 /* Project.storyboard in Resources */ = {isa = PBXBuildFile; fileRef = 67EA45301CFCACBA00C07D55 /* Project.storyboard */; };
/* End PBXBuildFile section */

/* Begin PBXContainerItemProxy section */
		679966A11CDA4AC000FF52C6 /* PBXContainerItemProxy */ = {
			isa = PBXContainerItemProxy;
			containerPortal = 679966811CDA4ABF00FF52C6 /* Project object */;
			proxyType = 1;
			remoteGlobalIDString = 679966881CDA4ABF00FF52C6;
			remoteInfo = WeeDoo;
		};
		679966AC1CDA4AC000FF52C6 /* PBXContainerItemProxy */ = {
			isa = PBXContainerItemProxy;
			containerPortal = 679966811CDA4ABF00FF52C6 /* Project object */;
			proxyType = 1;
			remoteGlobalIDString = 679966881CDA4ABF00FF52C6;
			remoteInfo = WeeDoo;
		};
/* End PBXContainerItemProxy section */

/* Begin PBXFileReference section */
		56BC8F3FD4D684EFAA5E443F /* Pods_WeeDoo.framework */ = {isa = PBXFileReference; explicitFileType = wrapper.framework; includeInIndex = 0; path = Pods_WeeDoo.framework; sourceTree = BUILT_PRODUCTS_DIR; };
		672B43F31D047E0B00FC31FC /* WDBaseProjectDetailViewController.swift */ = {isa = PBXFileReference; fileEncoding = 4; lastKnownFileType = sourcecode.swift; path = WDBaseProjectDetailViewController.swift; sourceTree = "<group>"; };
		672B43F51D047EB500FC31FC /* WDProjectInfoViewController.swift */ = {isa = PBXFileReference; fileEncoding = 4; lastKnownFileType = sourcecode.swift; path = WDProjectInfoViewController.swift; sourceTree = "<group>"; };
		672B43F71D0481E100FC31FC /* WDProjectTaskListViewController.swift */ = {isa = PBXFileReference; fileEncoding = 4; lastKnownFileType = sourcecode.swift; path = WDProjectTaskListViewController.swift; sourceTree = "<group>"; };
		672B43F91D04824400FC31FC /* WDProjectTaskDiscussViewController.swift */ = {isa = PBXFileReference; fileEncoding = 4; lastKnownFileType = sourcecode.swift; path = WDProjectTaskDiscussViewController.swift; sourceTree = "<group>"; };
		672B43FB1D04828D00FC31FC /* WDProjectReportViewController.swift */ = {isa = PBXFileReference; fileEncoding = 4; lastKnownFileType = sourcecode.swift; path = WDProjectReportViewController.swift; sourceTree = "<group>"; };
		672B43FD1D0482B300FC31FC /* WDProjectOptionViewController.swift */ = {isa = PBXFileReference; fileEncoding = 4; lastKnownFileType = sourcecode.swift; path = WDProjectOptionViewController.swift; sourceTree = "<group>"; };
		672B43FF1D0483BB00FC31FC /* WDProjectResourceViewController.swift */ = {isa = PBXFileReference; fileEncoding = 4; lastKnownFileType = sourcecode.swift; path = WDProjectResourceViewController.swift; sourceTree = "<group>"; };
		672B44021D04867B00FC31FC /* WDMainNavigationViewController.swift */ = {isa = PBXFileReference; fileEncoding = 4; lastKnownFileType = sourcecode.swift; path = WDMainNavigationViewController.swift; sourceTree = "<group>"; };
		672B44041D0489DF00FC31FC /* WDMessengerViewController.swift */ = {isa = PBXFileReference; fileEncoding = 4; lastKnownFileType = sourcecode.swift; path = WDMessengerViewController.swift; sourceTree = "<group>"; };
		672B44061D0489F700FC31FC /* WDRequestViewController.swift */ = {isa = PBXFileReference; fileEncoding = 4; lastKnownFileType = sourcecode.swift; path = WDRequestViewController.swift; sourceTree = "<group>"; };
		672B44081D048A1700FC31FC /* WDNotificationViewController.swift */ = {isa = PBXFileReference; fileEncoding = 4; lastKnownFileType = sourcecode.swift; path = WDNotificationViewController.swift; sourceTree = "<group>"; };
		672B440A1D048A3C00FC31FC /* WDNewFeedViewController.swift */ = {isa = PBXFileReference; fileEncoding = 4; lastKnownFileType = sourcecode.swift; path = WDNewFeedViewController.swift; sourceTree = "<group>"; };
		672B440C1D048D9C00FC31FC /* WDMoreViewController.swift */ = {isa = PBXFileReference; fileEncoding = 4; lastKnownFileType = sourcecode.swift; path = WDMoreViewController.swift; sourceTree = "<group>"; };
		674544691CEAB942008CAE68 /* libPods.a */ = {isa = PBXFileReference; lastKnownFileType = archive.ar; name = libPods.a; path = "Pods/../build/Debug-iphoneos/libPods.a"; sourceTree = "<group>"; };
		6745447B1CEB2859008CAE68 /* WeeDoo-Bridging-Header.h */ = {isa = PBXFileReference; lastKnownFileType = sourcecode.c.h; path = "WeeDoo-Bridging-Header.h"; sourceTree = "<group>"; };
		675D2DA21CFF421C00F67BAE /* BaseNavigationViewController.swift */ = {isa = PBXFileReference; fileEncoding = 4; lastKnownFileType = sourcecode.swift; path = BaseNavigationViewController.swift; sourceTree = "<group>"; };
		6783CF251D140BEA008BBB4E /* ProjectInforTableViewCell.swift */ = {isa = PBXFileReference; fileEncoding = 4; lastKnownFileType = sourcecode.swift; path = ProjectInforTableViewCell.swift; sourceTree = "<group>"; };
		679966891CDA4ABF00FF52C6 /* WeeDoo.app */ = {isa = PBXFileReference; explicitFileType = wrapper.application; includeInIndex = 0; path = WeeDoo.app; sourceTree = BUILT_PRODUCTS_DIR; };
		6799668C1CDA4ABF00FF52C6 /* AppDelegate.swift */ = {isa = PBXFileReference; lastKnownFileType = sourcecode.swift; path = AppDelegate.swift; sourceTree = "<group>"; };
		6799668E1CDA4ABF00FF52C6 /* ViewController.swift */ = {isa = PBXFileReference; lastKnownFileType = sourcecode.swift; path = ViewController.swift; sourceTree = "<group>"; };
		679966911CDA4ABF00FF52C6 /* Base */ = {isa = PBXFileReference; lastKnownFileType = file.storyboard; name = Base; path = Base.lproj/Main.storyboard; sourceTree = "<group>"; };
		679966941CDA4ABF00FF52C6 /* WeeDoo.xcdatamodel */ = {isa = PBXFileReference; lastKnownFileType = wrapper.xcdatamodel; path = WeeDoo.xcdatamodel; sourceTree = "<group>"; };
		679966961CDA4ABF00FF52C6 /* Assets.xcassets */ = {isa = PBXFileReference; lastKnownFileType = folder.assetcatalog; path = Assets.xcassets; sourceTree = "<group>"; };
		679966991CDA4ABF00FF52C6 /* Base */ = {isa = PBXFileReference; lastKnownFileType = file.storyboard; name = Base; path = Base.lproj/LaunchScreen.storyboard; sourceTree = "<group>"; };
		6799669B1CDA4ABF00FF52C6 /* Info.plist */ = {isa = PBXFileReference; lastKnownFileType = text.plist.xml; path = Info.plist; sourceTree = "<group>"; };
		679966A01CDA4AC000FF52C6 /* WeeDooTests.xctest */ = {isa = PBXFileReference; explicitFileType = wrapper.cfbundle; includeInIndex = 0; path = WeeDooTests.xctest; sourceTree = BUILT_PRODUCTS_DIR; };
		679966A41CDA4AC000FF52C6 /* WeeDooTests.swift */ = {isa = PBXFileReference; lastKnownFileType = sourcecode.swift; path = WeeDooTests.swift; sourceTree = "<group>"; };
		679966A61CDA4AC000FF52C6 /* Info.plist */ = {isa = PBXFileReference; lastKnownFileType = text.plist.xml; path = Info.plist; sourceTree = "<group>"; };
		679966AB1CDA4AC000FF52C6 /* WeeDooUITests.xctest */ = {isa = PBXFileReference; explicitFileType = wrapper.cfbundle; includeInIndex = 0; path = WeeDooUITests.xctest; sourceTree = BUILT_PRODUCTS_DIR; };
		679966AF1CDA4AC000FF52C6 /* WeeDooUITests.swift */ = {isa = PBXFileReference; lastKnownFileType = sourcecode.swift; path = WeeDooUITests.swift; sourceTree = "<group>"; };
		679966B11CDA4AC000FF52C6 /* Info.plist */ = {isa = PBXFileReference; lastKnownFileType = text.plist.xml; path = Info.plist; sourceTree = "<group>"; };
		679966BE1CDA4D8D00FF52C6 /* WDLoginViewController.swift */ = {isa = PBXFileReference; fileEncoding = 4; lastKnownFileType = sourcecode.swift; path = WDLoginViewController.swift; sourceTree = "<group>"; };
		679966E71CDBA36C00FF52C6 /* Harlow Solid Italic Italic.ttf */ = {isa = PBXFileReference; lastKnownFileType = file; path = "Harlow Solid Italic Italic.ttf"; sourceTree = "<group>"; };
		67A5E7CB1CE3834700CD8FF0 /* GoogleService-Info.plist */ = {isa = PBXFileReference; fileEncoding = 4; lastKnownFileType = text.plist.xml; path = "GoogleService-Info.plist"; sourceTree = "<group>"; };
		67C8D5301CDE5D910075F435 /* WDTextField.swift */ = {isa = PBXFileReference; fileEncoding = 4; lastKnownFileType = sourcecode.swift; path = WDTextField.swift; sourceTree = "<group>"; };
		67C90ADA1D1062A300F1CDCB /* RegisterViewController.swift */ = {isa = PBXFileReference; fileEncoding = 4; lastKnownFileType = sourcecode.swift; path = RegisterViewController.swift; sourceTree = "<group>"; };
		67E059981CE0F29F00568F4E /* FBSDKCoreKit.framework */ = {isa = PBXFileReference; lastKnownFileType = wrapper.framework; path = FBSDKCoreKit.framework; sourceTree = "<group>"; };
		67E0599A1CE0F2A800568F4E /* FBSDKLoginKit.framework */ = {isa = PBXFileReference; lastKnownFileType = wrapper.framework; path = FBSDKLoginKit.framework; sourceTree = "<group>"; };
		67E0599E1CE0FFC900568F4E /* FBSDKShareKit.framework */ = {isa = PBXFileReference; lastKnownFileType = wrapper.framework; path = FBSDKShareKit.framework; sourceTree = "<group>"; };
		67EA45241CFB5E3E00C07D55 /* WDProjectViewController.swift */ = {isa = PBXFileReference; fileEncoding = 4; lastKnownFileType = sourcecode.swift; path = WDProjectViewController.swift; sourceTree = "<group>"; };
		67EA45291CFB659D00C07D55 /* ProjectTableViewCell.swift */ = {isa = PBXFileReference; fileEncoding = 4; lastKnownFileType = sourcecode.swift; path = ProjectTableViewCell.swift; sourceTree = "<group>"; };
		67EA452A1CFB659D00C07D55 /* ProjectTableViewCell.xib */ = {isa = PBXFileReference; fileEncoding = 4; lastKnownFileType = file.xib; path = ProjectTableViewCell.xib; sourceTree = "<group>"; };
		67EA45301CFCACBA00C07D55 /* Project.storyboard */ = {isa = PBXFileReference; fileEncoding = 4; lastKnownFileType = file.storyboard; path = Project.storyboard; sourceTree = "<group>"; };
		A2DF8F7AF161760358E9CACB /* Pods-WeeDoo.release.xcconfig */ = {isa = PBXFileReference; includeInIndex = 1; lastKnownFileType = text.xcconfig; name = "Pods-WeeDoo.release.xcconfig"; path = "Pods/Target Support Files/Pods-WeeDoo/Pods-WeeDoo.release.xcconfig"; sourceTree = "<group>"; };
		AB3B2D7B3A644ECD3550DD7B /* Pods-WeeDoo.debug.xcconfig */ = {isa = PBXFileReference; includeInIndex = 1; lastKnownFileType = text.xcconfig; name = "Pods-WeeDoo.debug.xcconfig"; path = "Pods/Target Support Files/Pods-WeeDoo/Pods-WeeDoo.debug.xcconfig"; sourceTree = "<group>"; };
/* End PBXFileReference section */

/* Begin PBXFrameworksBuildPhase section */
		679966861CDA4ABF00FF52C6 /* Frameworks */ = {
			isa = PBXFrameworksBuildPhase;
			buildActionMask = 2147483647;
			files = (
				67E0599B1CE0F2A800568F4E /* FBSDKLoginKit.framework in Frameworks */,
				67E059991CE0F29F00568F4E /* FBSDKCoreKit.framework in Frameworks */,
				67E0599F1CE0FFC900568F4E /* FBSDKShareKit.framework in Frameworks */,
				2A20799563F57D2F67B28DD4 /* Pods_WeeDoo.framework in Frameworks */,
			);
			runOnlyForDeploymentPostprocessing = 0;
		};
		6799669D1CDA4AC000FF52C6 /* Frameworks */ = {
			isa = PBXFrameworksBuildPhase;
			buildActionMask = 2147483647;
			files = (
			);
			runOnlyForDeploymentPostprocessing = 0;
		};
		679966A81CDA4AC000FF52C6 /* Frameworks */ = {
			isa = PBXFrameworksBuildPhase;
			buildActionMask = 2147483647;
			files = (
			);
			runOnlyForDeploymentPostprocessing = 0;
		};
/* End PBXFrameworksBuildPhase section */

/* Begin PBXGroup section */
		672B43F21D047D8000FC31FC /* ProjectDetailViewController */ = {
			isa = PBXGroup;
			children = (
				672B43F31D047E0B00FC31FC /* WDBaseProjectDetailViewController.swift */,
				672B43F51D047EB500FC31FC /* WDProjectInfoViewController.swift */,
				672B43F71D0481E100FC31FC /* WDProjectTaskListViewController.swift */,
				672B43F91D04824400FC31FC /* WDProjectTaskDiscussViewController.swift */,
				672B43FB1D04828D00FC31FC /* WDProjectReportViewController.swift */,
				672B43FD1D0482B300FC31FC /* WDProjectOptionViewController.swift */,
				672B43FF1D0483BB00FC31FC /* WDProjectResourceViewController.swift */,
			);
			name = ProjectDetailViewController;
			sourceTree = "<group>";
		};
		672B44011D04862400FC31FC /* MainViewController */ = {
			isa = PBXGroup;
			children = (
				67EA45241CFB5E3E00C07D55 /* WDProjectViewController.swift */,
				672B44021D04867B00FC31FC /* WDMainNavigationViewController.swift */,
				672B44041D0489DF00FC31FC /* WDMessengerViewController.swift */,
				672B44061D0489F700FC31FC /* WDRequestViewController.swift */,
				672B44081D048A1700FC31FC /* WDNotificationViewController.swift */,
				672B440A1D048A3C00FC31FC /* WDNewFeedViewController.swift */,
				672B440C1D048D9C00FC31FC /* WDMoreViewController.swift */,
			);
			name = MainViewController;
			sourceTree = "<group>";
		};
		679966801CDA4ABF00FF52C6 = {
			isa = PBXGroup;
			children = (
				6799668B1CDA4ABF00FF52C6 /* WeeDoo */,
				679966A31CDA4AC000FF52C6 /* WeeDooTests */,
				679966AE1CDA4AC000FF52C6 /* WeeDooUITests */,
				6799668A1CDA4ABF00FF52C6 /* Products */,
				801E1445004D2BB26DE03487 /* Frameworks */,
				7FC2322507F2CF11D087458C /* Pods */,
			);
			sourceTree = "<group>";
		};
		6799668A1CDA4ABF00FF52C6 /* Products */ = {
			isa = PBXGroup;
			children = (
				679966891CDA4ABF00FF52C6 /* WeeDoo.app */,
				679966A01CDA4AC000FF52C6 /* WeeDooTests.xctest */,
				679966AB1CDA4AC000FF52C6 /* WeeDooUITests.xctest */,
			);
			name = Products;
			sourceTree = "<group>";
		};
		6799668B1CDA4ABF00FF52C6 /* WeeDoo */ = {
			isa = PBXGroup;
			children = (
				67EA45271CFB656700C07D55 /* View */,
				67EA45261CFB655E00C07D55 /* Common */,
				67E059971CE0F28A00568F4E /* Framework */,
				679966E51CDBA32E00FF52C6 /* Resource */,
				679966BD1CDA4D6100FF52C6 /* Controller */,
				6799668C1CDA4ABF00FF52C6 /* AppDelegate.swift */,
				679966901CDA4ABF00FF52C6 /* Main.storyboard */,
				67EA45301CFCACBA00C07D55 /* Project.storyboard */,
				679966961CDA4ABF00FF52C6 /* Assets.xcassets */,
				679966981CDA4ABF00FF52C6 /* LaunchScreen.storyboard */,
				6799669B1CDA4ABF00FF52C6 /* Info.plist */,
				67A5E7CB1CE3834700CD8FF0 /* GoogleService-Info.plist */,
				679966931CDA4ABF00FF52C6 /* WeeDoo.xcdatamodeld */,
				67C8D5301CDE5D910075F435 /* WDTextField.swift */,
			);
			path = WeeDoo;
			sourceTree = "<group>";
		};
		679966A31CDA4AC000FF52C6 /* WeeDooTests */ = {
			isa = PBXGroup;
			children = (
				679966A41CDA4AC000FF52C6 /* WeeDooTests.swift */,
				679966A61CDA4AC000FF52C6 /* Info.plist */,
			);
			path = WeeDooTests;
			sourceTree = "<group>";
		};
		679966AE1CDA4AC000FF52C6 /* WeeDooUITests */ = {
			isa = PBXGroup;
			children = (
				679966AF1CDA4AC000FF52C6 /* WeeDooUITests.swift */,
				679966B11CDA4AC000FF52C6 /* Info.plist */,
			);
			path = WeeDooUITests;
			sourceTree = "<group>";
		};
		679966BD1CDA4D6100FF52C6 /* Controller */ = {
			isa = PBXGroup;
			children = (
				672B44011D04862400FC31FC /* MainViewController */,
				672B43F21D047D8000FC31FC /* ProjectDetailViewController */,
				6799668E1CDA4ABF00FF52C6 /* ViewController.swift */,
				679966BE1CDA4D8D00FF52C6 /* WDLoginViewController.swift */,
				6745447B1CEB2859008CAE68 /* WeeDoo-Bridging-Header.h */,
				675D2DA21CFF421C00F67BAE /* BaseNavigationViewController.swift */,
				67C90ADA1D1062A300F1CDCB /* RegisterViewController.swift */,
			);
			name = Controller;
			sourceTree = "<group>";
		};
		679966E51CDBA32E00FF52C6 /* Resource */ = {
			isa = PBXGroup;
			children = (
				679966E61CDBA34200FF52C6 /* Font */,
			);
			name = Resource;
			sourceTree = "<group>";
		};
		679966E61CDBA34200FF52C6 /* Font */ = {
			isa = PBXGroup;
			children = (
				679966E71CDBA36C00FF52C6 /* Harlow Solid Italic Italic.ttf */,
			);
			name = Font;
			sourceTree = "<group>";
		};
		67E059971CE0F28A00568F4E /* Framework */ = {
			isa = PBXGroup;
			children = (
				67E0599E1CE0FFC900568F4E /* FBSDKShareKit.framework */,
				67E0599A1CE0F2A800568F4E /* FBSDKLoginKit.framework */,
				67E059981CE0F29F00568F4E /* FBSDKCoreKit.framework */,
			);
			path = Framework;
			sourceTree = "<group>";
		};
		67EA45261CFB655E00C07D55 /* Common */ = {
			isa = PBXGroup;
			children = (
			);
			name = Common;
			sourceTree = "<group>";
		};
		67EA45271CFB656700C07D55 /* View */ = {
			isa = PBXGroup;
			children = (
				67EA45281CFB657100C07D55 /* ViewCell */,
			);
			name = View;
			sourceTree = "<group>";
		};
		67EA45281CFB657100C07D55 /* ViewCell */ = {
			isa = PBXGroup;
			children = (
				67EA45291CFB659D00C07D55 /* ProjectTableViewCell.swift */,
				67EA452A1CFB659D00C07D55 /* ProjectTableViewCell.xib */,
				6783CF251D140BEA008BBB4E /* ProjectInforTableViewCell.swift */,
			);
			name = ViewCell;
			sourceTree = "<group>";
		};
		7FC2322507F2CF11D087458C /* Pods */ = {
			isa = PBXGroup;
			children = (
				AB3B2D7B3A644ECD3550DD7B /* Pods-WeeDoo.debug.xcconfig */,
				A2DF8F7AF161760358E9CACB /* Pods-WeeDoo.release.xcconfig */,
			);
			name = Pods;
			sourceTree = "<group>";
		};
		801E1445004D2BB26DE03487 /* Frameworks */ = {
			isa = PBXGroup;
			children = (
				674544691CEAB942008CAE68 /* libPods.a */,
				56BC8F3FD4D684EFAA5E443F /* Pods_WeeDoo.framework */,
			);
			name = Frameworks;
			sourceTree = "<group>";
		};
/* End PBXGroup section */

/* Begin PBXNativeTarget section */
		679966881CDA4ABF00FF52C6 /* WeeDoo */ = {
			isa = PBXNativeTarget;
			buildConfigurationList = 679966B41CDA4AC000FF52C6 /* Build configuration list for PBXNativeTarget "WeeDoo" */;
			buildPhases = (
				6708AF065B4401756A3B1D2B /* [CP] Check Pods Manifest.lock */,
				679966851CDA4ABF00FF52C6 /* Sources */,
				679966861CDA4ABF00FF52C6 /* Frameworks */,
				679966871CDA4ABF00FF52C6 /* Resources */,
				49D7FC1915436EC7B6A62853 /* [CP] Embed Pods Frameworks */,
				44BA67AEEAB33CDFC4698260 /* [CP] Copy Pods Resources */,
			);
			buildRules = (
			);
			dependencies = (
			);
			name = WeeDoo;
			productName = WeeDoo;
			productReference = 679966891CDA4ABF00FF52C6 /* WeeDoo.app */;
			productType = "com.apple.product-type.application";
		};
		6799669F1CDA4AC000FF52C6 /* WeeDooTests */ = {
			isa = PBXNativeTarget;
			buildConfigurationList = 679966B71CDA4AC000FF52C6 /* Build configuration list for PBXNativeTarget "WeeDooTests" */;
			buildPhases = (
				6799669C1CDA4AC000FF52C6 /* Sources */,
				6799669D1CDA4AC000FF52C6 /* Frameworks */,
				6799669E1CDA4AC000FF52C6 /* Resources */,
			);
			buildRules = (
			);
			dependencies = (
				679966A21CDA4AC000FF52C6 /* PBXTargetDependency */,
			);
			name = WeeDooTests;
			productName = WeeDooTests;
			productReference = 679966A01CDA4AC000FF52C6 /* WeeDooTests.xctest */;
			productType = "com.apple.product-type.bundle.unit-test";
		};
		679966AA1CDA4AC000FF52C6 /* WeeDooUITests */ = {
			isa = PBXNativeTarget;
			buildConfigurationList = 679966BA1CDA4AC000FF52C6 /* Build configuration list for PBXNativeTarget "WeeDooUITests" */;
			buildPhases = (
				679966A71CDA4AC000FF52C6 /* Sources */,
				679966A81CDA4AC000FF52C6 /* Frameworks */,
				679966A91CDA4AC000FF52C6 /* Resources */,
			);
			buildRules = (
			);
			dependencies = (
				679966AD1CDA4AC000FF52C6 /* PBXTargetDependency */,
			);
			name = WeeDooUITests;
			productName = WeeDooUITests;
			productReference = 679966AB1CDA4AC000FF52C6 /* WeeDooUITests.xctest */;
			productType = "com.apple.product-type.bundle.ui-testing";
		};
/* End PBXNativeTarget section */

/* Begin PBXProject section */
		679966811CDA4ABF00FF52C6 /* Project object */ = {
			isa = PBXProject;
			attributes = {
				LastSwiftUpdateCheck = 0720;
				LastUpgradeCheck = 0720;
				ORGANIZATIONNAME = HoangHa;
				TargetAttributes = {
					679966881CDA4ABF00FF52C6 = {
						CreatedOnToolsVersion = 7.2;
					};
					6799669F1CDA4AC000FF52C6 = {
						CreatedOnToolsVersion = 7.2;
						TestTargetID = 679966881CDA4ABF00FF52C6;
					};
					679966AA1CDA4AC000FF52C6 = {
						CreatedOnToolsVersion = 7.2;
						TestTargetID = 679966881CDA4ABF00FF52C6;
					};
				};
			};
			buildConfigurationList = 679966841CDA4ABF00FF52C6 /* Build configuration list for PBXProject "WeeDoo" */;
			compatibilityVersion = "Xcode 3.2";
			developmentRegion = English;
			hasScannedForEncodings = 0;
			knownRegions = (
				en,
				Base,
			);
			mainGroup = 679966801CDA4ABF00FF52C6;
			productRefGroup = 6799668A1CDA4ABF00FF52C6 /* Products */;
			projectDirPath = "";
			projectRoot = "";
			targets = (
				679966881CDA4ABF00FF52C6 /* WeeDoo */,
				6799669F1CDA4AC000FF52C6 /* WeeDooTests */,
				679966AA1CDA4AC000FF52C6 /* WeeDooUITests */,
			);
		};
/* End PBXProject section */

/* Begin PBXResourcesBuildPhase section */
		679966871CDA4ABF00FF52C6 /* Resources */ = {
			isa = PBXResourcesBuildPhase;
			buildActionMask = 2147483647;
			files = (
				6799669A1CDA4ABF00FF52C6 /* LaunchScreen.storyboard in Resources */,
				67EA452C1CFB659D00C07D55 /* ProjectTableViewCell.xib in Resources */,
				679966971CDA4ABF00FF52C6 /* Assets.xcassets in Resources */,
				67A5E7CC1CE3834700CD8FF0 /* GoogleService-Info.plist in Resources */,
				679966E81CDBA36C00FF52C6 /* Harlow Solid Italic Italic.ttf in Resources */,
				679966921CDA4ABF00FF52C6 /* Main.storyboard in Resources */,
				67EA45311CFCACBA00C07D55 /* Project.storyboard in Resources */,
			);
			runOnlyForDeploymentPostprocessing = 0;
		};
		6799669E1CDA4AC000FF52C6 /* Resources */ = {
			isa = PBXResourcesBuildPhase;
			buildActionMask = 2147483647;
			files = (
			);
			runOnlyForDeploymentPostprocessing = 0;
		};
		679966A91CDA4AC000FF52C6 /* Resources */ = {
			isa = PBXResourcesBuildPhase;
			buildActionMask = 2147483647;
			files = (
			);
			runOnlyForDeploymentPostprocessing = 0;
		};
/* End PBXResourcesBuildPhase section */

/* Begin PBXShellScriptBuildPhase section */
		44BA67AEEAB33CDFC4698260 /* [CP] Copy Pods Resources */ = {
			isa = PBXShellScriptBuildPhase;
			buildActionMask = 2147483647;
			files = (
			);
			inputPaths = (
			);
			name = "[CP] Copy Pods Resources";
			outputPaths = (
			);
			runOnlyForDeploymentPostprocessing = 0;
			shellPath = /bin/sh;
			shellScript = "\"${SRCROOT}/Pods/Target Support Files/Pods-WeeDoo/Pods-WeeDoo-resources.sh\"\n";
			showEnvVarsInLog = 0;
		};
		49D7FC1915436EC7B6A62853 /* [CP] Embed Pods Frameworks */ = {
			isa = PBXShellScriptBuildPhase;
			buildActionMask = 2147483647;
			files = (
			);
			inputPaths = (
			);
			name = "[CP] Embed Pods Frameworks";
			outputPaths = (
			);
			runOnlyForDeploymentPostprocessing = 0;
			shellPath = /bin/sh;
			shellScript = "\"${SRCROOT}/Pods/Target Support Files/Pods-WeeDoo/Pods-WeeDoo-frameworks.sh\"\n";
			showEnvVarsInLog = 0;
		};
		6708AF065B4401756A3B1D2B /* [CP] Check Pods Manifest.lock */ = {
			isa = PBXShellScriptBuildPhase;
			buildActionMask = 2147483647;
			files = (
			);
			inputPaths = (
			);
			name = "[CP] Check Pods Manifest.lock";
			outputPaths = (
			);
			runOnlyForDeploymentPostprocessing = 0;
			shellPath = /bin/sh;
			shellScript = "diff \"${PODS_ROOT}/../Podfile.lock\" \"${PODS_ROOT}/Manifest.lock\" > /dev/null\nif [[ $? != 0 ]] ; then\n    cat << EOM\nerror: The sandbox is not in sync with the Podfile.lock. Run 'pod install' or update your CocoaPods installation.\nEOM\n    exit 1\nfi\n";
			showEnvVarsInLog = 0;
		};
/* End PBXShellScriptBuildPhase section */

/* Begin PBXSourcesBuildPhase section */
		679966851CDA4ABF00FF52C6 /* Sources */ = {
			isa = PBXSourcesBuildPhase;
			buildActionMask = 2147483647;
			files = (
				672B440B1D048A3C00FC31FC /* WDNewFeedViewController.swift in Sources */,
				67C90ADB1D1062A300F1CDCB /* RegisterViewController.swift in Sources */,
				672B43FE1D0482B300FC31FC /* WDProjectOptionViewController.swift in Sources */,
				672B44031D04867B00FC31FC /* WDMainNavigationViewController.swift in Sources */,
				6799668F1CDA4ABF00FF52C6 /* ViewController.swift in Sources */,
				672B43F41D047E0B00FC31FC /* WDBaseProjectDetailViewController.swift in Sources */,
				67EA452B1CFB659D00C07D55 /* ProjectTableViewCell.swift in Sources */,
				672B43F81D0481E100FC31FC /* WDProjectTaskListViewController.swift in Sources */,
				67EA45251CFB5E3E00C07D55 /* WDProjectViewController.swift in Sources */,
				672B43FA1D04824400FC31FC /* WDProjectTaskDiscussViewController.swift in Sources */,
				675D2DA31CFF421C00F67BAE /* BaseNavigationViewController.swift in Sources */,
				672B44001D0483BB00FC31FC /* WDProjectResourceViewController.swift in Sources */,
				679966BF1CDA4D8D00FF52C6 /* WDLoginViewController.swift in Sources */,
				672B43FC1D04828D00FC31FC /* WDProjectReportViewController.swift in Sources */,
				67C8D5311CDE5D910075F435 /* WDTextField.swift in Sources */,
				672B43F61D047EB500FC31FC /* WDProjectInfoViewController.swift in Sources */,
				672B44051D0489DF00FC31FC /* WDMessengerViewController.swift in Sources */,
				672B44091D048A1700FC31FC /* WDNotificationViewController.swift in Sources */,
				679966951CDA4ABF00FF52C6 /* WeeDoo.xcdatamodeld in Sources */,
				6783CF261D140BEA008BBB4E /* ProjectInforTableViewCell.swift in Sources */,
				6799668D1CDA4ABF00FF52C6 /* AppDelegate.swift in Sources */,
				672B44071D0489F700FC31FC /* WDRequestViewController.swift in Sources */,
				672B440D1D048D9C00FC31FC /* WDMoreViewController.swift in Sources */,
			);
			runOnlyForDeploymentPostprocessing = 0;
		};
		6799669C1CDA4AC000FF52C6 /* Sources */ = {
			isa = PBXSourcesBuildPhase;
			buildActionMask = 2147483647;
			files = (
				679966A51CDA4AC000FF52C6 /* WeeDooTests.swift in Sources */,
			);
			runOnlyForDeploymentPostprocessing = 0;
		};
		679966A71CDA4AC000FF52C6 /* Sources */ = {
			isa = PBXSourcesBuildPhase;
			buildActionMask = 2147483647;
			files = (
				679966B01CDA4AC000FF52C6 /* WeeDooUITests.swift in Sources */,
			);
			runOnlyForDeploymentPostprocessing = 0;
		};
/* End PBXSourcesBuildPhase section */

/* Begin PBXTargetDependency section */
		679966A21CDA4AC000FF52C6 /* PBXTargetDependency */ = {
			isa = PBXTargetDependency;
			target = 679966881CDA4ABF00FF52C6 /* WeeDoo */;
			targetProxy = 679966A11CDA4AC000FF52C6 /* PBXContainerItemProxy */;
		};
		679966AD1CDA4AC000FF52C6 /* PBXTargetDependency */ = {
			isa = PBXTargetDependency;
			target = 679966881CDA4ABF00FF52C6 /* WeeDoo */;
			targetProxy = 679966AC1CDA4AC000FF52C6 /* PBXContainerItemProxy */;
		};
/* End PBXTargetDependency section */

/* Begin PBXVariantGroup section */
		679966901CDA4ABF00FF52C6 /* Main.storyboard */ = {
			isa = PBXVariantGroup;
			children = (
				679966911CDA4ABF00FF52C6 /* Base */,
			);
			name = Main.storyboard;
			sourceTree = "<group>";
		};
		679966981CDA4ABF00FF52C6 /* LaunchScreen.storyboard */ = {
			isa = PBXVariantGroup;
			children = (
				679966991CDA4ABF00FF52C6 /* Base */,
			);
			name = LaunchScreen.storyboard;
			sourceTree = "<group>";
		};
/* End PBXVariantGroup section */

/* Begin XCBuildConfiguration section */
		679966B21CDA4AC000FF52C6 /* Debug */ = {
			isa = XCBuildConfiguration;
			buildSettings = {
				ALWAYS_SEARCH_USER_PATHS = NO;
				CLANG_CXX_LANGUAGE_STANDARD = "gnu++0x";
				CLANG_CXX_LIBRARY = "libc++";
				CLANG_ENABLE_MODULES = YES;
				CLANG_ENABLE_OBJC_ARC = YES;
				CLANG_WARN_BOOL_CONVERSION = YES;
				CLANG_WARN_CONSTANT_CONVERSION = YES;
				CLANG_WARN_DIRECT_OBJC_ISA_USAGE = YES_ERROR;
				CLANG_WARN_EMPTY_BODY = YES;
				CLANG_WARN_ENUM_CONVERSION = YES;
				CLANG_WARN_INT_CONVERSION = YES;
				CLANG_WARN_OBJC_ROOT_CLASS = YES_ERROR;
				CLANG_WARN_UNREACHABLE_CODE = YES;
				CLANG_WARN__DUPLICATE_METHOD_MATCH = YES;
				"CODE_SIGN_IDENTITY[sdk=iphoneos*]" = "iPhone Developer";
				COPY_PHASE_STRIP = NO;
				DEBUG_INFORMATION_FORMAT = dwarf;
				ENABLE_STRICT_OBJC_MSGSEND = YES;
				ENABLE_TESTABILITY = YES;
				GCC_C_LANGUAGE_STANDARD = gnu99;
				GCC_DYNAMIC_NO_PIC = NO;
				GCC_NO_COMMON_BLOCKS = YES;
				GCC_OPTIMIZATION_LEVEL = 0;
				GCC_PREPROCESSOR_DEFINITIONS = (
					"DEBUG=1",
					"$(inherited)",
				);
				GCC_WARN_64_TO_32_BIT_CONVERSION = YES;
				GCC_WARN_ABOUT_RETURN_TYPE = YES_ERROR;
				GCC_WARN_UNDECLARED_SELECTOR = YES;
				GCC_WARN_UNINITIALIZED_AUTOS = YES_AGGRESSIVE;
				GCC_WARN_UNUSED_FUNCTION = YES;
				GCC_WARN_UNUSED_VARIABLE = YES;
				IPHONEOS_DEPLOYMENT_TARGET = 9.2;
				MTL_ENABLE_DEBUG_INFO = YES;
				ONLY_ACTIVE_ARCH = YES;
				SDKROOT = iphoneos;
				SWIFT_OPTIMIZATION_LEVEL = "-Onone";
				TARGETED_DEVICE_FAMILY = "1,2";
			};
			name = Debug;
		};
		679966B31CDA4AC000FF52C6 /* Release */ = {
			isa = XCBuildConfiguration;
			buildSettings = {
				ALWAYS_SEARCH_USER_PATHS = NO;
				CLANG_CXX_LANGUAGE_STANDARD = "gnu++0x";
				CLANG_CXX_LIBRARY = "libc++";
				CLANG_ENABLE_MODULES = YES;
				CLANG_ENABLE_OBJC_ARC = YES;
				CLANG_WARN_BOOL_CONVERSION = YES;
				CLANG_WARN_CONSTANT_CONVERSION = YES;
				CLANG_WARN_DIRECT_OBJC_ISA_USAGE = YES_ERROR;
				CLANG_WARN_EMPTY_BODY = YES;
				CLANG_WARN_ENUM_CONVERSION = YES;
				CLANG_WARN_INT_CONVERSION = YES;
				CLANG_WARN_OBJC_ROOT_CLASS = YES_ERROR;
				CLANG_WARN_UNREACHABLE_CODE = YES;
				CLANG_WARN__DUPLICATE_METHOD_MATCH = YES;
				"CODE_SIGN_IDENTITY[sdk=iphoneos*]" = "iPhone Developer";
				COPY_PHASE_STRIP = NO;
				DEBUG_INFORMATION_FORMAT = "dwarf-with-dsym";
				ENABLE_NS_ASSERTIONS = NO;
				ENABLE_STRICT_OBJC_MSGSEND = YES;
				GCC_C_LANGUAGE_STANDARD = gnu99;
				GCC_NO_COMMON_BLOCKS = YES;
				GCC_WARN_64_TO_32_BIT_CONVERSION = YES;
				GCC_WARN_ABOUT_RETURN_TYPE = YES_ERROR;
				GCC_WARN_UNDECLARED_SELECTOR = YES;
				GCC_WARN_UNINITIALIZED_AUTOS = YES_AGGRESSIVE;
				GCC_WARN_UNUSED_FUNCTION = YES;
				GCC_WARN_UNUSED_VARIABLE = YES;
				IPHONEOS_DEPLOYMENT_TARGET = 9.2;
				MTL_ENABLE_DEBUG_INFO = NO;
				SDKROOT = iphoneos;
				TARGETED_DEVICE_FAMILY = "1,2";
				VALIDATE_PRODUCT = YES;
			};
			name = Release;
		};
		679966B51CDA4AC000FF52C6 /* Debug */ = {
			isa = XCBuildConfiguration;
			baseConfigurationReference = AB3B2D7B3A644ECD3550DD7B /* Pods-WeeDoo.debug.xcconfig */;
			buildSettings = {
				ASSETCATALOG_COMPILER_APPICON_NAME = AppIcon;
				CLANG_ALLOW_NON_MODULAR_INCLUDES_IN_FRAMEWORK_MODULES = YES;
				CLANG_ENABLE_MODULES = YES;
				FRAMEWORK_SEARCH_PATHS = (
					"$(inherited)",
					"$(PROJECT_DIR)/WeeDoo/Framework",
					"$(PROJECT_DIR)/WeeDoo/Pods",
					"$(PROJECT_DIR)/WeeDoo",
				);
				INFOPLIST_FILE = WeeDoo/Info.plist;
				IPHONEOS_DEPLOYMENT_TARGET = 8.0;
				LD_RUNPATH_SEARCH_PATHS = "$(inherited) @executable_path/Frameworks";
				LIBRARY_SEARCH_PATHS = (
					"$(inherited)",
					"$(PROJECT_DIR)/build/Debug-iphoneos",
				);
				OTHER_LDFLAGS = (
					"$(inherited)",
					"-l\"GGLSignIn\"",
					"-l\"GIPNSURL+FIFE_external\"",
					"-l\"GSDK_Overload_external\"",
					"-l\"GTMOAuth2_external_external\"",
					"-l\"GTMOAuth2_internal_external\"",
					"-l\"GTMSessionFetcher_core_external\"",
					"-l\"GTMSessionFetcher_full_external\"",
					"-l\"GTMStackTrace_external\"",
					"-l\"GTM_AddressBook_external\"",
					"-l\"GTM_DebugUtils_external\"",
					"-l\"GTM_GTMURLBuilder_external\"",
					"-l\"GTM_KVO_external\"",
					"-l\"GTM_NSData+zlib\"",
					"-l\"GTM_NSDictionary+URLArguments_external\"",
					"-l\"GTM_NSScannerJSON_external\"",
					"-l\"GTM_NSStringHTML_external\"",
					"-l\"GTM_NSStringXML_external\"",
					"-l\"GTM_Regex_external\"",
					"-l\"GTM_RoundedRectPath_external\"",
					"-l\"GTM_StringEncoding_external\"",
					"-l\"GTM_SystemVersion_external\"",
					"-l\"GTM_UIFont+LineHeight_external\"",
					"-l\"GTM_core_external\"",
					"-l\"GTM_iPhone_external\"",
					"-l\"IQKeyboardManager\"",
					"-l\"MBProgressHUD\"",
					"-l\"OpenInChrome_external\"",
					"-l\"ProtocolBuffers_external\"",
					"-l\"SignIn_external\"",
					"-l\"sqlite3\"",
					"-l\"stdc++\"",
					"-l\"z\"",
					"-framework",
					"\"AVFoundation\"",
					"-framework",
					"\"Accounts\"",
					"-framework",
					"\"AddressBook\"",
					"-framework",
					"\"AssetsLibrary\"",
					"-framework",
					"\"CoreData\"",
					"-framework",
					"\"CoreFoundation\"",
					"-framework",
					"\"CoreGraphics\"",
					"-framework",
					"\"CoreLocation\"",
					"-framework",
					"\"CoreMedia\"",
					"-framework",
					"\"CoreMotion\"",
					"-framework",
					"\"CoreText\"",
					"-framework",
					"\"Fabric\"",
					"-framework",
					"\"Foundation\"",
					"-framework",
					"\"MessageUI\"",
					"-framework",
					"\"MobileCoreServices\"",
					"-framework",
					"\"QuartzCore\"",
					"-framework",
					"\"SafariServices\"",
					"-framework",
					"\"Security\"",
					"-framework",
					"\"Social\"",
					"-framework",
					"\"SystemConfiguration\"",
					"-framework",
					"\"TwitterCore\"",
					"-framework",
					"\"TwitterKit\"",
					"-framework",
					"\"UIKit\"",
				);
				PRODUCT_BUNDLE_IDENTIFIER = "com.rainmaker-labs.WeeDoo";
				PRODUCT_NAME = "$(TARGET_NAME)";
				SWIFT_OBJC_BRIDGING_HEADER = "WeeDoo/WeeDoo-Bridging-Header.h";
				SWIFT_OPTIMIZATION_LEVEL = "-Onone";
				TARGETED_DEVICE_FAMILY = 1;
			};
			name = Debug;
		};
		679966B61CDA4AC000FF52C6 /* Release */ = {
			isa = XCBuildConfiguration;
			baseConfigurationReference = A2DF8F7AF161760358E9CACB /* Pods-WeeDoo.release.xcconfig */;
			buildSettings = {
				ASSETCATALOG_COMPILER_APPICON_NAME = AppIcon;
				CLANG_ALLOW_NON_MODULAR_INCLUDES_IN_FRAMEWORK_MODULES = YES;
				CLANG_ENABLE_MODULES = YES;
				FRAMEWORK_SEARCH_PATHS = (
					"$(inherited)",
					"$(PROJECT_DIR)/WeeDoo/Framework",
					"$(PROJECT_DIR)/WeeDoo/Pods",
					"$(PROJECT_DIR)/WeeDoo",
				);
				INFOPLIST_FILE = WeeDoo/Info.plist;
				IPHONEOS_DEPLOYMENT_TARGET = 8.0;
				LD_RUNPATH_SEARCH_PATHS = "$(inherited) @executable_path/Frameworks";
				LIBRARY_SEARCH_PATHS = (
					"$(inherited)",
					"$(PROJECT_DIR)/build/Debug-iphoneos",
				);
				OTHER_LDFLAGS = (
					"$(inherited)",
					"-l\"GGLSignIn\"",
					"-l\"GIPNSURL+FIFE_external\"",
					"-l\"GSDK_Overload_external\"",
					"-l\"GTMOAuth2_external_external\"",
					"-l\"GTMOAuth2_internal_external\"",
					"-l\"GTMSessionFetcher_core_external\"",
					"-l\"GTMSessionFetcher_full_external\"",
					"-l\"GTMStackTrace_external\"",
					"-l\"GTM_AddressBook_external\"",
					"-l\"GTM_DebugUtils_external\"",
					"-l\"GTM_GTMURLBuilder_external\"",
					"-l\"GTM_KVO_external\"",
					"-l\"GTM_NSData+zlib\"",
					"-l\"GTM_NSDictionary+URLArguments_external\"",
					"-l\"GTM_NSScannerJSON_external\"",
					"-l\"GTM_NSStringHTML_external\"",
					"-l\"GTM_NSStringXML_external\"",
					"-l\"GTM_Regex_external\"",
					"-l\"GTM_RoundedRectPath_external\"",
					"-l\"GTM_StringEncoding_external\"",
					"-l\"GTM_SystemVersion_external\"",
					"-l\"GTM_UIFont+LineHeight_external\"",
					"-l\"GTM_core_external\"",
					"-l\"GTM_iPhone_external\"",
					"-l\"IQKeyboardManager\"",
					"-l\"MBProgressHUD\"",
					"-l\"OpenInChrome_external\"",
					"-l\"ProtocolBuffers_external\"",
					"-l\"SignIn_external\"",
					"-l\"sqlite3\"",
					"-l\"stdc++\"",
					"-l\"z\"",
					"-framework",
					"\"AVFoundation\"",
					"-framework",
					"\"Accounts\"",
					"-framework",
					"\"AddressBook\"",
					"-framework",
					"\"AssetsLibrary\"",
					"-framework",
					"\"CoreData\"",
					"-framework",
					"\"CoreFoundation\"",
					"-framework",
					"\"CoreGraphics\"",
					"-framework",
					"\"CoreLocation\"",
					"-framework",
					"\"CoreMedia\"",
					"-framework",
					"\"CoreMotion\"",
					"-framework",
					"\"CoreText\"",
					"-framework",
					"\"Fabric\"",
					"-framework",
					"\"Foundation\"",
					"-framework",
					"\"MessageUI\"",
					"-framework",
					"\"MobileCoreServices\"",
					"-framework",
					"\"QuartzCore\"",
					"-framework",
					"\"SafariServices\"",
					"-framework",
					"\"Security\"",
					"-framework",
					"\"Social\"",
					"-framework",
					"\"SystemConfiguration\"",
					"-framework",
					"\"TwitterCore\"",
					"-framework",
					"\"TwitterKit\"",
					"-framework",
					"\"UIKit\"",
				);
				PRODUCT_BUNDLE_IDENTIFIER = "com.rainmaker-labs.WeeDoo";
				PRODUCT_NAME = "$(TARGET_NAME)";
				SWIFT_OBJC_BRIDGING_HEADER = "WeeDoo/WeeDoo-Bridging-Header.h";
				TARGETED_DEVICE_FAMILY = 1;
			};
			name = Release;
		};
		679966B81CDA4AC000FF52C6 /* Debug */ = {
			isa = XCBuildConfiguration;
			buildSettings = {
				BUNDLE_LOADER = "$(TEST_HOST)";
				INFOPLIST_FILE = WeeDooTests/Info.plist;
				LD_RUNPATH_SEARCH_PATHS = "$(inherited) @executable_path/Frameworks @loader_path/Frameworks";
				PRODUCT_BUNDLE_IDENTIFIER = "com.rainmaker-labs.WeeDooTests";
				PRODUCT_NAME = "$(TARGET_NAME)";
				TEST_HOST = "$(BUILT_PRODUCTS_DIR)/WeeDoo.app/WeeDoo";
			};
			name = Debug;
		};
		679966B91CDA4AC000FF52C6 /* Release */ = {
			isa = XCBuildConfiguration;
			buildSettings = {
				BUNDLE_LOADER = "$(TEST_HOST)";
				INFOPLIST_FILE = WeeDooTests/Info.plist;
				LD_RUNPATH_SEARCH_PATHS = "$(inherited) @executable_path/Frameworks @loader_path/Frameworks";
				PRODUCT_BUNDLE_IDENTIFIER = "com.rainmaker-labs.WeeDooTests";
				PRODUCT_NAME = "$(TARGET_NAME)";
				TEST_HOST = "$(BUILT_PRODUCTS_DIR)/WeeDoo.app/WeeDoo";
			};
			name = Release;
		};
		679966BB1CDA4AC000FF52C6 /* Debug */ = {
			isa = XCBuildConfiguration;
			buildSettings = {
				INFOPLIST_FILE = WeeDooUITests/Info.plist;
				LD_RUNPATH_SEARCH_PATHS = "$(inherited) @executable_path/Frameworks @loader_path/Frameworks";
				PRODUCT_BUNDLE_IDENTIFIER = "com.rainmaker-labs.WeeDooUITests";
				PRODUCT_NAME = "$(TARGET_NAME)";
				TEST_TARGET_NAME = WeeDoo;
				USES_XCTRUNNER = YES;
			};
			name = Debug;
		};
		679966BC1CDA4AC000FF52C6 /* Release */ = {
			isa = XCBuildConfiguration;
			buildSettings = {
				INFOPLIST_FILE = WeeDooUITests/Info.plist;
				LD_RUNPATH_SEARCH_PATHS = "$(inherited) @executable_path/Frameworks @loader_path/Frameworks";
				PRODUCT_BUNDLE_IDENTIFIER = "com.rainmaker-labs.WeeDooUITests";
				PRODUCT_NAME = "$(TARGET_NAME)";
				TEST_TARGET_NAME = WeeDoo;
				USES_XCTRUNNER = YES;
			};
			name = Release;
		};
/* End XCBuildConfiguration section */

/* Begin XCConfigurationList section */
		679966841CDA4ABF00FF52C6 /* Build configuration list for PBXProject "WeeDoo" */ = {
			isa = XCConfigurationList;
			buildConfigurations = (
				679966B21CDA4AC000FF52C6 /* Debug */,
				679966B31CDA4AC000FF52C6 /* Release */,
			);
			defaultConfigurationIsVisible = 0;
			defaultConfigurationName = Release;
		};
		679966B41CDA4AC000FF52C6 /* Build configuration list for PBXNativeTarget "WeeDoo" */ = {
			isa = XCConfigurationList;
			buildConfigurations = (
				679966B51CDA4AC000FF52C6 /* Debug */,
				679966B61CDA4AC000FF52C6 /* Release */,
			);
			defaultConfigurationIsVisible = 0;
			defaultConfigurationName = Release;
		};
		679966B71CDA4AC000FF52C6 /* Build configuration list for PBXNativeTarget "WeeDooTests" */ = {
			isa = XCConfigurationList;
			buildConfigurations = (
				679966B81CDA4AC000FF52C6 /* Debug */,
				679966B91CDA4AC000FF52C6 /* Release */,
			);
			defaultConfigurationIsVisible = 0;
			defaultConfigurationName = Release;
		};
		679966BA1CDA4AC000FF52C6 /* Build configuration list for PBXNativeTarget "WeeDooUITests" */ = {
			isa = XCConfigurationList;
			buildConfigurations = (
				679966BB1CDA4AC000FF52C6 /* Debug */,
				679966BC1CDA4AC000FF52C6 /* Release */,
			);
			defaultConfigurationIsVisible = 0;
			defaultConfigurationName = Release;
		};
/* End XCConfigurationList section */

/* Begin XCVersionGroup section */
		679966931CDA4ABF00FF52C6 /* WeeDoo.xcdatamodeld */ = {
			isa = XCVersionGroup;
			children = (
				679966941CDA4ABF00FF52C6 /* WeeDoo.xcdatamodel */,
			);
			currentVersion = 679966941CDA4ABF00FF52C6 /* WeeDoo.xcdatamodel */;
			path = WeeDoo.xcdatamodeld;
			sourceTree = "<group>";
			versionGroupType = wrapper.xcdatamodel;
		};
/* End XCVersionGroup section */
	};
	rootObject = 679966811CDA4ABF00FF52C6 /* Project object */;
}
