// !$*UTF8*$!
{
	archiveVersion = 1;
	classes = {
	};
	objectVersion = 46;
	objects = {

/* Begin PBXBuildFile section */
		6799668D1CDA4ABF00FF52C6 /* AppDelegate.swift in Sources */ = {isa = PBXBuildFile; fileRef = 6799668C1CDA4ABF00FF52C6 /* AppDelegate.swift */; };
		6799668F1CDA4ABF00FF52C6 /* ViewController.swift in Sources */ = {isa = PBXBuildFile; fileRef = 6799668E1CDA4ABF00FF52C6 /* ViewController.swift */; };
		679966921CDA4ABF00FF52C6 /* Main.storyboard in Resources */ = {isa = PBXBuildFile; fileRef = 679966901CDA4ABF00FF52C6 /* Main.storyboard */; };
		679966951CDA4ABF00FF52C6 /* WeeDoo.xcdatamodeld in Sources */ = {isa = PBXBuildFile; fileRef = 679966931CDA4ABF00FF52C6 /* WeeDoo.xcdatamodeld */; };
		679966971CDA4ABF00FF52C6 /* Assets.xcassets in Resources */ = {isa = PBXBuildFile; fileRef = 679966961CDA4ABF00FF52C6 /* Assets.xcassets */; };
		6799669A1CDA4ABF00FF52C6 /* LaunchScreen.storyboard in Resources */ = {isa = PBXBuildFile; fileRef = 679966981CDA4ABF00FF52C6 /* LaunchScreen.storyboard */; };
		679966A51CDA4AC000FF52C6 /* WeeDooTests.swift in Sources */ = {isa = PBXBuildFile; fileRef = 679966A41CDA4AC000FF52C6 /* WeeDooTests.swift */; };
		679966B01CDA4AC000FF52C6 /* WeeDooUITests.swift in Sources */ = {isa = PBXBuildFile; fileRef = 679966AF1CDA4AC000FF52C6 /* WeeDooUITests.swift */; };
		679966BF1CDA4D8D00FF52C6 /* WDLoginViewController.swift in Sources */ = {isa = PBXBuildFile; fileRef = 679966BE1CDA4D8D00FF52C6 /* WDLoginViewController.swift */; };
		679966E81CDBA36C00FF52C6 /* Harlow Solid Italic Italic.ttf in Resources */ = {isa = PBXBuildFile; fileRef = 679966E71CDBA36C00FF52C6 /* Harlow Solid Italic Italic.ttf */; };
		67C8D5311CDE5D910075F435 /* WDTextField.swift in Sources */ = {isa = PBXBuildFile; fileRef = 67C8D5301CDE5D910075F435 /* WDTextField.swift */; };
		67E059991CE0F29F00568F4E /* FBSDKCoreKit.framework in Frameworks */ = {isa = PBXBuildFile; fileRef = 67E059981CE0F29F00568F4E /* FBSDKCoreKit.framework */; };
		67E0599B1CE0F2A800568F4E /* FBSDKLoginKit.framework in Frameworks */ = {isa = PBXBuildFile; fileRef = 67E0599A1CE0F2A800568F4E /* FBSDKLoginKit.framework */; };
		67E0599F1CE0FFC900568F4E /* FBSDKShareKit.framework in Frameworks */ = {isa = PBXBuildFile; fileRef = 67E0599E1CE0FFC900568F4E /* FBSDKShareKit.framework */; };
/* End PBXBuildFile section */

/* Begin PBXContainerItemProxy section */
		679966A11CDA4AC000FF52C6 /* PBXContainerItemProxy */ = {
			isa = PBXContainerItemProxy;
			containerPortal = 679966811CDA4ABF00FF52C6 /* Project object */;
			proxyType = 1;
			remoteGlobalIDString = 679966881CDA4ABF00FF52C6;
			remoteInfo = WeeDoo;
		};
		679966AC1CDA4AC000FF52C6 /* PBXContainerItemProxy */ = {
			isa = PBXContainerItemProxy;
			containerPortal = 679966811CDA4ABF00FF52C6 /* Project object */;
			proxyType = 1;
			remoteGlobalIDString = 679966881CDA4ABF00FF52C6;
			remoteInfo = WeeDoo;
		};
/* End PBXContainerItemProxy section */

/* Begin PBXFileReference section */
		679966891CDA4ABF00FF52C6 /* WeeDoo.app */ = {isa = PBXFileReference; explicitFileType = wrapper.application; includeInIndex = 0; path = WeeDoo.app; sourceTree = BUILT_PRODUCTS_DIR; };
		6799668C1CDA4ABF00FF52C6 /* AppDelegate.swift */ = {isa = PBXFileReference; lastKnownFileType = sourcecode.swift; path = AppDelegate.swift; sourceTree = "<group>"; };
		6799668E1CDA4ABF00FF52C6 /* ViewController.swift */ = {isa = PBXFileReference; lastKnownFileType = sourcecode.swift; path = ViewController.swift; sourceTree = "<group>"; };
		679966911CDA4ABF00FF52C6 /* Base */ = {isa = PBXFileReference; lastKnownFileType = file.storyboard; name = Base; path = Base.lproj/Main.storyboard; sourceTree = "<group>"; };
		679966941CDA4ABF00FF52C6 /* WeeDoo.xcdatamodel */ = {isa = PBXFileReference; lastKnownFileType = wrapper.xcdatamodel; path = WeeDoo.xcdatamodel; sourceTree = "<group>"; };
		679966961CDA4ABF00FF52C6 /* Assets.xcassets */ = {isa = PBXFileReference; lastKnownFileType = folder.assetcatalog; path = Assets.xcassets; sourceTree = "<group>"; };
		679966991CDA4ABF00FF52C6 /* Base */ = {isa = PBXFileReference; lastKnownFileType = file.storyboard; name = Base; path = Base.lproj/LaunchScreen.storyboard; sourceTree = "<group>"; };
		6799669B1CDA4ABF00FF52C6 /* Info.plist */ = {isa = PBXFileReference; lastKnownFileType = text.plist.xml; path = Info.plist; sourceTree = "<group>"; };
		679966A01CDA4AC000FF52C6 /* WeeDooTests.xctest */ = {isa = PBXFileReference; explicitFileType = wrapper.cfbundle; includeInIndex = 0; path = WeeDooTests.xctest; sourceTree = BUILT_PRODUCTS_DIR; };
		679966A41CDA4AC000FF52C6 /* WeeDooTests.swift */ = {isa = PBXFileReference; lastKnownFileType = sourcecode.swift; path = WeeDooTests.swift; sourceTree = "<group>"; };
		679966A61CDA4AC000FF52C6 /* Info.plist */ = {isa = PBXFileReference; lastKnownFileType = text.plist.xml; path = Info.plist; sourceTree = "<group>"; };
		679966AB1CDA4AC000FF52C6 /* WeeDooUITests.xctest */ = {isa = PBXFileReference; explicitFileType = wrapper.cfbundle; includeInIndex = 0; path = WeeDooUITests.xctest; sourceTree = BUILT_PRODUCTS_DIR; };
		679966AF1CDA4AC000FF52C6 /* WeeDooUITests.swift */ = {isa = PBXFileReference; lastKnownFileType = sourcecode.swift; path = WeeDooUITests.swift; sourceTree = "<group>"; };
		679966B11CDA4AC000FF52C6 /* Info.plist */ = {isa = PBXFileReference; lastKnownFileType = text.plist.xml; path = Info.plist; sourceTree = "<group>"; };
		679966BE1CDA4D8D00FF52C6 /* WDLoginViewController.swift */ = {isa = PBXFileReference; fileEncoding = 4; lastKnownFileType = sourcecode.swift; path = WDLoginViewController.swift; sourceTree = "<group>"; };
		679966E71CDBA36C00FF52C6 /* Harlow Solid Italic Italic.ttf */ = {isa = PBXFileReference; lastKnownFileType = file; path = "Harlow Solid Italic Italic.ttf"; sourceTree = "<group>"; };
		67C8D5301CDE5D910075F435 /* WDTextField.swift */ = {isa = PBXFileReference; fileEncoding = 4; lastKnownFileType = sourcecode.swift; path = WDTextField.swift; sourceTree = "<group>"; };
		67E059981CE0F29F00568F4E /* FBSDKCoreKit.framework */ = {isa = PBXFileReference; lastKnownFileType = wrapper.framework; path = FBSDKCoreKit.framework; sourceTree = "<group>"; };
		67E0599A1CE0F2A800568F4E /* FBSDKLoginKit.framework */ = {isa = PBXFileReference; lastKnownFileType = wrapper.framework; path = FBSDKLoginKit.framework; sourceTree = "<group>"; };
		67E0599E1CE0FFC900568F4E /* FBSDKShareKit.framework */ = {isa = PBXFileReference; lastKnownFileType = wrapper.framework; path = FBSDKShareKit.framework; sourceTree = "<group>"; };
/* End PBXFileReference section */

/* Begin PBXFrameworksBuildPhase section */
		679966861CDA4ABF00FF52C6 /* Frameworks */ = {
			isa = PBXFrameworksBuildPhase;
			buildActionMask = 2147483647;
			files = (
				67E0599B1CE0F2A800568F4E /* FBSDKLoginKit.framework in Frameworks */,
				67E059991CE0F29F00568F4E /* FBSDKCoreKit.framework in Frameworks */,
				67E0599F1CE0FFC900568F4E /* FBSDKShareKit.framework in Frameworks */,
			);
			runOnlyForDeploymentPostprocessing = 0;
		};
		6799669D1CDA4AC000FF52C6 /* Frameworks */ = {
			isa = PBXFrameworksBuildPhase;
			buildActionMask = 2147483647;
			files = (
			);
			runOnlyForDeploymentPostprocessing = 0;
		};
		679966A81CDA4AC000FF52C6 /* Frameworks */ = {
			isa = PBXFrameworksBuildPhase;
			buildActionMask = 2147483647;
			files = (
			);
			runOnlyForDeploymentPostprocessing = 0;
		};
/* End PBXFrameworksBuildPhase section */

/* Begin PBXGroup section */
		679966801CDA4ABF00FF52C6 = {
			isa = PBXGroup;
			children = (
				6799668B1CDA4ABF00FF52C6 /* WeeDoo */,
				679966A31CDA4AC000FF52C6 /* WeeDooTests */,
				679966AE1CDA4AC000FF52C6 /* WeeDooUITests */,
				6799668A1CDA4ABF00FF52C6 /* Products */,
			);
			sourceTree = "<group>";
		};
		6799668A1CDA4ABF00FF52C6 /* Products */ = {
			isa = PBXGroup;
			children = (
				679966891CDA4ABF00FF52C6 /* WeeDoo.app */,
				679966A01CDA4AC000FF52C6 /* WeeDooTests.xctest */,
				679966AB1CDA4AC000FF52C6 /* WeeDooUITests.xctest */,
			);
			name = Products;
			sourceTree = "<group>";
		};
		6799668B1CDA4ABF00FF52C6 /* WeeDoo */ = {
			isa = PBXGroup;
			children = (
				67E059971CE0F28A00568F4E /* Framework */,
				679966E51CDBA32E00FF52C6 /* Resource */,
				679966BD1CDA4D6100FF52C6 /* Controller */,
				6799668C1CDA4ABF00FF52C6 /* AppDelegate.swift */,
				679966901CDA4ABF00FF52C6 /* Main.storyboard */,
				679966961CDA4ABF00FF52C6 /* Assets.xcassets */,
				679966981CDA4ABF00FF52C6 /* LaunchScreen.storyboard */,
				6799669B1CDA4ABF00FF52C6 /* Info.plist */,
				679966931CDA4ABF00FF52C6 /* WeeDoo.xcdatamodeld */,
				67C8D5301CDE5D910075F435 /* WDTextField.swift */,
			);
			path = WeeDoo;
			sourceTree = "<group>";
		};
		679966A31CDA4AC000FF52C6 /* WeeDooTests */ = {
			isa = PBXGroup;
			children = (
				679966A41CDA4AC000FF52C6 /* WeeDooTests.swift */,
				679966A61CDA4AC000FF52C6 /* Info.plist */,
			);
			path = WeeDooTests;
			sourceTree = "<group>";
		};
		679966AE1CDA4AC000FF52C6 /* WeeDooUITests */ = {
			isa = PBXGroup;
			children = (
				679966AF1CDA4AC000FF52C6 /* WeeDooUITests.swift */,
				679966B11CDA4AC000FF52C6 /* Info.plist */,
			);
			path = WeeDooUITests;
			sourceTree = "<group>";
		};
		679966BD1CDA4D6100FF52C6 /* Controller */ = {
			isa = PBXGroup;
			children = (
				6799668E1CDA4ABF00FF52C6 /* ViewController.swift */,
				679966BE1CDA4D8D00FF52C6 /* WDLoginViewController.swift */,
			);
			name = Controller;
			sourceTree = "<group>";
		};
		679966E51CDBA32E00FF52C6 /* Resource */ = {
			isa = PBXGroup;
			children = (
				679966E61CDBA34200FF52C6 /* Font */,
			);
			name = Resource;
			sourceTree = "<group>";
		};
		679966E61CDBA34200FF52C6 /* Font */ = {
			isa = PBXGroup;
			children = (
				679966E71CDBA36C00FF52C6 /* Harlow Solid Italic Italic.ttf */,
			);
			name = Font;
			sourceTree = "<group>";
		};
		67E059971CE0F28A00568F4E /* Framework */ = {
			isa = PBXGroup;
			children = (
				67E0599E1CE0FFC900568F4E /* FBSDKShareKit.framework */,
				67E0599A1CE0F2A800568F4E /* FBSDKLoginKit.framework */,
				67E059981CE0F29F00568F4E /* FBSDKCoreKit.framework */,
			);
			path = Framework;
			sourceTree = "<group>";
		};
/* End PBXGroup section */

/* Begin PBXNativeTarget section */
		679966881CDA4ABF00FF52C6 /* WeeDoo */ = {
			isa = PBXNativeTarget;
			buildConfigurationList = 679966B41CDA4AC000FF52C6 /* Build configuration list for PBXNativeTarget "WeeDoo" */;
			buildPhases = (
				679966851CDA4ABF00FF52C6 /* Sources */,
				679966861CDA4ABF00FF52C6 /* Frameworks */,
				679966871CDA4ABF00FF52C6 /* Resources */,
			);
			buildRules = (
			);
			dependencies = (
			);
			name = WeeDoo;
			productName = WeeDoo;
			productReference = 679966891CDA4ABF00FF52C6 /* WeeDoo.app */;
			productType = "com.apple.product-type.application";
		};
		6799669F1CDA4AC000FF52C6 /* WeeDooTests */ = {
			isa = PBXNativeTarget;
			buildConfigurationList = 679966B71CDA4AC000FF52C6 /* Build configuration list for PBXNativeTarget "WeeDooTests" */;
			buildPhases = (
				6799669C1CDA4AC000FF52C6 /* Sources */,
				6799669D1CDA4AC000FF52C6 /* Frameworks */,
				6799669E1CDA4AC000FF52C6 /* Resources */,
			);
			buildRules = (
			);
			dependencies = (
				679966A21CDA4AC000FF52C6 /* PBXTargetDependency */,
			);
			name = WeeDooTests;
			productName = WeeDooTests;
			productReference = 679966A01CDA4AC000FF52C6 /* WeeDooTests.xctest */;
			productType = "com.apple.product-type.bundle.unit-test";
		};
		679966AA1CDA4AC000FF52C6 /* WeeDooUITests */ = {
			isa = PBXNativeTarget;
			buildConfigurationList = 679966BA1CDA4AC000FF52C6 /* Build configuration list for PBXNativeTarget "WeeDooUITests" */;
			buildPhases = (
				679966A71CDA4AC000FF52C6 /* Sources */,
				679966A81CDA4AC000FF52C6 /* Frameworks */,
				679966A91CDA4AC000FF52C6 /* Resources */,
			);
			buildRules = (
			);
			dependencies = (
				679966AD1CDA4AC000FF52C6 /* PBXTargetDependency */,
			);
			name = WeeDooUITests;
			productName = WeeDooUITests;
			productReference = 679966AB1CDA4AC000FF52C6 /* WeeDooUITests.xctest */;
			productType = "com.apple.product-type.bundle.ui-testing";
		};
/* End PBXNativeTarget section */

/* Begin PBXProject section */
		679966811CDA4ABF00FF52C6 /* Project object */ = {
			isa = PBXProject;
			attributes = {
				LastSwiftUpdateCheck = 0720;
				LastUpgradeCheck = 0720;
				ORGANIZATIONNAME = HoangHa;
				TargetAttributes = {
					679966881CDA4ABF00FF52C6 = {
						CreatedOnToolsVersion = 7.2;
					};
					6799669F1CDA4AC000FF52C6 = {
						CreatedOnToolsVersion = 7.2;
						TestTargetID = 679966881CDA4ABF00FF52C6;
					};
					679966AA1CDA4AC000FF52C6 = {
						CreatedOnToolsVersion = 7.2;
						TestTargetID = 679966881CDA4ABF00FF52C6;
					};
				};
			};
			buildConfigurationList = 679966841CDA4ABF00FF52C6 /* Build configuration list for PBXProject "WeeDoo" */;
			compatibilityVersion = "Xcode 3.2";
			developmentRegion = English;
			hasScannedForEncodings = 0;
			knownRegions = (
				en,
				Base,
			);
			mainGroup = 679966801CDA4ABF00FF52C6;
			productRefGroup = 6799668A1CDA4ABF00FF52C6 /* Products */;
			projectDirPath = "";
			projectRoot = "";
			targets = (
				679966881CDA4ABF00FF52C6 /* WeeDoo */,
				6799669F1CDA4AC000FF52C6 /* WeeDooTests */,
				679966AA1CDA4AC000FF52C6 /* WeeDooUITests */,
			);
		};
/* End PBXProject section */

/* Begin PBXResourcesBuildPhase section */
		679966871CDA4ABF00FF52C6 /* Resources */ = {
			isa = PBXResourcesBuildPhase;
			buildActionMask = 2147483647;
			files = (
				6799669A1CDA4ABF00FF52C6 /* LaunchScreen.storyboard in Resources */,
				679966971CDA4ABF00FF52C6 /* Assets.xcassets in Resources */,
				679966E81CDBA36C00FF52C6 /* Harlow Solid Italic Italic.ttf in Resources */,
				679966921CDA4ABF00FF52C6 /* Main.storyboard in Resources */,
			);
			runOnlyForDeploymentPostprocessing = 0;
		};
		6799669E1CDA4AC000FF52C6 /* Resources */ = {
			isa = PBXResourcesBuildPhase;
			buildActionMask = 2147483647;
			files = (
			);
			runOnlyForDeploymentPostprocessing = 0;
		};
		679966A91CDA4AC000FF52C6 /* Resources */ = {
			isa = PBXResourcesBuildPhase;
			buildActionMask = 2147483647;
			files = (
			);
			runOnlyForDeploymentPostprocessing = 0;
		};
/* End PBXResourcesBuildPhase section */

/* Begin PBXSourcesBuildPhase section */
		679966851CDA4ABF00FF52C6 /* Sources */ = {
			isa = PBXSourcesBuildPhase;
			buildActionMask = 2147483647;
			files = (
				6799668F1CDA4ABF00FF52C6 /* ViewController.swift in Sources */,
				679966BF1CDA4D8D00FF52C6 /* WDLoginViewController.swift in Sources */,
				67C8D5311CDE5D910075F435 /* WDTextField.swift in Sources */,
				679966951CDA4ABF00FF52C6 /* WeeDoo.xcdatamodeld in Sources */,
				6799668D1CDA4ABF00FF52C6 /* AppDelegate.swift in Sources */,
			);
			runOnlyForDeploymentPostprocessing = 0;
		};
		6799669C1CDA4AC000FF52C6 /* Sources */ = {
			isa = PBXSourcesBuildPhase;
			buildActionMask = 2147483647;
			files = (
				679966A51CDA4AC000FF52C6 /* WeeDooTests.swift in Sources */,
			);
			runOnlyForDeploymentPostprocessing = 0;
		};
		679966A71CDA4AC000FF52C6 /* Sources */ = {
			isa = PBXSourcesBuildPhase;
			buildActionMask = 2147483647;
			files = (
				679966B01CDA4AC000FF52C6 /* WeeDooUITests.swift in Sources */,
			);
			runOnlyForDeploymentPostprocessing = 0;
		};
/* End PBXSourcesBuildPhase section */

/* Begin PBXTargetDependency section */
		679966A21CDA4AC000FF52C6 /* PBXTargetDependency */ = {
			isa = PBXTargetDependency;
			target = 679966881CDA4ABF00FF52C6 /* WeeDoo */;
			targetProxy = 679966A11CDA4AC000FF52C6 /* PBXContainerItemProxy */;
		};
		679966AD1CDA4AC000FF52C6 /* PBXTargetDependency */ = {
			isa = PBXTargetDependency;
			target = 679966881CDA4ABF00FF52C6 /* WeeDoo */;
			targetProxy = 679966AC1CDA4AC000FF52C6 /* PBXContainerItemProxy */;
		};
/* End PBXTargetDependency section */

/* Begin PBXVariantGroup section */
		679966901CDA4ABF00FF52C6 /* Main.storyboard */ = {
			isa = PBXVariantGroup;
			children = (
				679966911CDA4ABF00FF52C6 /* Base */,
			);
			name = Main.storyboard;
			sourceTree = "<group>";
		};
		679966981CDA4ABF00FF52C6 /* LaunchScreen.storyboard */ = {
			isa = PBXVariantGroup;
			children = (
				679966991CDA4ABF00FF52C6 /* Base */,
			);
			name = LaunchScreen.storyboard;
			sourceTree = "<group>";
		};
/* End PBXVariantGroup section */

/* Begin XCBuildConfiguration section */
		679966B21CDA4AC000FF52C6 /* Debug */ = {
			isa = XCBuildConfiguration;
			buildSettings = {
				ALWAYS_SEARCH_USER_PATHS = NO;
				CLANG_CXX_LANGUAGE_STANDARD = "gnu++0x";
				CLANG_CXX_LIBRARY = "libc++";
				CLANG_ENABLE_MODULES = YES;
				CLANG_ENABLE_OBJC_ARC = YES;
				CLANG_WARN_BOOL_CONVERSION = YES;
				CLANG_WARN_CONSTANT_CONVERSION = YES;
				CLANG_WARN_DIRECT_OBJC_ISA_USAGE = YES_ERROR;
				CLANG_WARN_EMPTY_BODY = YES;
				CLANG_WARN_ENUM_CONVERSION = YES;
				CLANG_WARN_INT_CONVERSION = YES;
				CLANG_WARN_OBJC_ROOT_CLASS = YES_ERROR;
				CLANG_WARN_UNREACHABLE_CODE = YES;
				CLANG_WARN__DUPLICATE_METHOD_MATCH = YES;
				"CODE_SIGN_IDENTITY[sdk=iphoneos*]" = "iPhone Developer";
				COPY_PHASE_STRIP = NO;
				DEBUG_INFORMATION_FORMAT = dwarf;
				ENABLE_STRICT_OBJC_MSGSEND = YES;
				ENABLE_TESTABILITY = YES;
				GCC_C_LANGUAGE_STANDARD = gnu99;
				GCC_DYNAMIC_NO_PIC = NO;
				GCC_NO_COMMON_BLOCKS = YES;
				GCC_OPTIMIZATION_LEVEL = 0;
				GCC_PREPROCESSOR_DEFINITIONS = (
					"DEBUG=1",
					"$(inherited)",
				);
				GCC_WARN_64_TO_32_BIT_CONVERSION = YES;
				GCC_WARN_ABOUT_RETURN_TYPE = YES_ERROR;
				GCC_WARN_UNDECLARED_SELECTOR = YES;
				GCC_WARN_UNINITIALIZED_AUTOS = YES_AGGRESSIVE;
				GCC_WARN_UNUSED_FUNCTION = YES;
				GCC_WARN_UNUSED_VARIABLE = YES;
				IPHONEOS_DEPLOYMENT_TARGET = 9.2;
				MTL_ENABLE_DEBUG_INFO = YES;
				ONLY_ACTIVE_ARCH = YES;
				SDKROOT = iphoneos;
				SWIFT_OPTIMIZATION_LEVEL = "-Onone";
				TARGETED_DEVICE_FAMILY = "1,2";
			};
			name = Debug;
		};
		679966B31CDA4AC000FF52C6 /* Release */ = {
			isa = XCBuildConfiguration;
			buildSettings = {
				ALWAYS_SEARCH_USER_PATHS = NO;
				CLANG_CXX_LANGUAGE_STANDARD = "gnu++0x";
				CLANG_CXX_LIBRARY = "libc++";
				CLANG_ENABLE_MODULES = YES;
				CLANG_ENABLE_OBJC_ARC = YES;
				CLANG_WARN_BOOL_CONVERSION = YES;
				CLANG_WARN_CONSTANT_CONVERSION = YES;
				CLANG_WARN_DIRECT_OBJC_ISA_USAGE = YES_ERROR;
				CLANG_WARN_EMPTY_BODY = YES;
				CLANG_WARN_ENUM_CONVERSION = YES;
				CLANG_WARN_INT_CONVERSION = YES;
				CLANG_WARN_OBJC_ROOT_CLASS = YES_ERROR;
				CLANG_WARN_UNREACHABLE_CODE = YES;
				CLANG_WARN__DUPLICATE_METHOD_MATCH = YES;
				"CODE_SIGN_IDENTITY[sdk=iphoneos*]" = "iPhone Developer";
				COPY_PHASE_STRIP = NO;
				DEBUG_INFORMATION_FORMAT = "dwarf-with-dsym";
				ENABLE_NS_ASSERTIONS = NO;
				ENABLE_STRICT_OBJC_MSGSEND = YES;
				GCC_C_LANGUAGE_STANDARD = gnu99;
				GCC_NO_COMMON_BLOCKS = YES;
				GCC_WARN_64_TO_32_BIT_CONVERSION = YES;
				GCC_WARN_ABOUT_RETURN_TYPE = YES_ERROR;
				GCC_WARN_UNDECLARED_SELECTOR = YES;
				GCC_WARN_UNINITIALIZED_AUTOS = YES_AGGRESSIVE;
				GCC_WARN_UNUSED_FUNCTION = YES;
				GCC_WARN_UNUSED_VARIABLE = YES;
				IPHONEOS_DEPLOYMENT_TARGET = 9.2;
				MTL_ENABLE_DEBUG_INFO = NO;
				SDKROOT = iphoneos;
				TARGETED_DEVICE_FAMILY = "1,2";
				VALIDATE_PRODUCT = YES;
			};
			name = Release;
		};
		679966B51CDA4AC000FF52C6 /* Debug */ = {
			isa = XCBuildConfiguration;
			buildSettings = {
				ASSETCATALOG_COMPILER_APPICON_NAME = AppIcon;
				CLANG_ALLOW_NON_MODULAR_INCLUDES_IN_FRAMEWORK_MODULES = YES;
				FRAMEWORK_SEARCH_PATHS = (
					"$(inherited)",
					"$(PROJECT_DIR)/WeeDoo/Framework",
					"$(PROJECT_DIR)/WeeDoo",
				);
				INFOPLIST_FILE = WeeDoo/Info.plist;
				IPHONEOS_DEPLOYMENT_TARGET = 8.1;
				LD_RUNPATH_SEARCH_PATHS = "$(inherited) @executable_path/Frameworks";
				PRODUCT_BUNDLE_IDENTIFIER = "com.rainmaker-labs.WeeDoo";
				PRODUCT_NAME = "$(TARGET_NAME)";
			};
			name = Debug;
		};
		679966B61CDA4AC000FF52C6 /* Release */ = {
			isa = XCBuildConfiguration;
			buildSettings = {
				ASSETCATALOG_COMPILER_APPICON_NAME = AppIcon;
				CLANG_ALLOW_NON_MODULAR_INCLUDES_IN_FRAMEWORK_MODULES = YES;
				FRAMEWORK_SEARCH_PATHS = (
					"$(inherited)",
					"$(PROJECT_DIR)/WeeDoo/Framework",
					"$(PROJECT_DIR)/WeeDoo",
				);
				INFOPLIST_FILE = WeeDoo/Info.plist;
				IPHONEOS_DEPLOYMENT_TARGET = 8.1;
				LD_RUNPATH_SEARCH_PATHS = "$(inherited) @executable_path/Frameworks";
				PRODUCT_BUNDLE_IDENTIFIER = "com.rainmaker-labs.WeeDoo";
				PRODUCT_NAME = "$(TARGET_NAME)";
			};
			name = Release;
		};
		679966B81CDA4AC000FF52C6 /* Debug */ = {
			isa = XCBuildConfiguration;
			buildSettings = {
				BUNDLE_LOADER = "$(TEST_HOST)";
				INFOPLIST_FILE = WeeDooTests/Info.plist;
				LD_RUNPATH_SEARCH_PATHS = "$(inherited) @executable_path/Frameworks @loader_path/Frameworks";
				PRODUCT_BUNDLE_IDENTIFIER = "com.rainmaker-labs.WeeDooTests";
				PRODUCT_NAME = "$(TARGET_NAME)";
				TEST_HOST = "$(BUILT_PRODUCTS_DIR)/WeeDoo.app/WeeDoo";
			};
			name = Debug;
		};
		679966B91CDA4AC000FF52C6 /* Release */ = {
			isa = XCBuildConfiguration;
			buildSettings = {
				BUNDLE_LOADER = "$(TEST_HOST)";
				INFOPLIST_FILE = WeeDooTests/Info.plist;
				LD_RUNPATH_SEARCH_PATHS = "$(inherited) @executable_path/Frameworks @loader_path/Frameworks";
				PRODUCT_BUNDLE_IDENTIFIER = "com.rainmaker-labs.WeeDooTests";
				PRODUCT_NAME = "$(TARGET_NAME)";
				TEST_HOST = "$(BUILT_PRODUCTS_DIR)/WeeDoo.app/WeeDoo";
			};
			name = Release;
		};
		679966BB1CDA4AC000FF52C6 /* Debug */ = {
			isa = XCBuildConfiguration;
			buildSettings = {
				INFOPLIST_FILE = WeeDooUITests/Info.plist;
				LD_RUNPATH_SEARCH_PATHS = "$(inherited) @executable_path/Frameworks @loader_path/Frameworks";
				PRODUCT_BUNDLE_IDENTIFIER = "com.rainmaker-labs.WeeDooUITests";
				PRODUCT_NAME = "$(TARGET_NAME)";
				TEST_TARGET_NAME = WeeDoo;
				USES_XCTRUNNER = YES;
			};
			name = Debug;
		};
		679966BC1CDA4AC000FF52C6 /* Release */ = {
			isa = XCBuildConfiguration;
			buildSettings = {
				INFOPLIST_FILE = WeeDooUITests/Info.plist;
				LD_RUNPATH_SEARCH_PATHS = "$(inherited) @executable_path/Frameworks @loader_path/Frameworks";
				PRODUCT_BUNDLE_IDENTIFIER = "com.rainmaker-labs.WeeDooUITests";
				PRODUCT_NAME = "$(TARGET_NAME)";
				TEST_TARGET_NAME = WeeDoo;
				USES_XCTRUNNER = YES;
			};
			name = Release;
		};
/* End XCBuildConfiguration section */

/* Begin XCConfigurationList section */
		679966841CDA4ABF00FF52C6 /* Build configuration list for PBXProject "WeeDoo" */ = {
			isa = XCConfigurationList;
			buildConfigurations = (
				679966B21CDA4AC000FF52C6 /* Debug */,
				679966B31CDA4AC000FF52C6 /* Release */,
			);
			defaultConfigurationIsVisible = 0;
			defaultConfigurationName = Release;
		};
		679966B41CDA4AC000FF52C6 /* Build configuration list for PBXNativeTarget "WeeDoo" */ = {
			isa = XCConfigurationList;
			buildConfigurations = (
				679966B51CDA4AC000FF52C6 /* Debug */,
				679966B61CDA4AC000FF52C6 /* Release */,
			);
			defaultConfigurationIsVisible = 0;
			defaultConfigurationName = Release;
		};
		679966B71CDA4AC000FF52C6 /* Build configuration list for PBXNativeTarget "WeeDooTests" */ = {
			isa = XCConfigurationList;
			buildConfigurations = (
				679966B81CDA4AC000FF52C6 /* Debug */,
				679966B91CDA4AC000FF52C6 /* Release */,
			);
			defaultConfigurationIsVisible = 0;
			defaultConfigurationName = Release;
		};
		679966BA1CDA4AC000FF52C6 /* Build configuration list for PBXNativeTarget "WeeDooUITests" */ = {
			isa = XCConfigurationList;
			buildConfigurations = (
				679966BB1CDA4AC000FF52C6 /* Debug */,
				679966BC1CDA4AC000FF52C6 /* Release */,
			);
			defaultConfigurationIsVisible = 0;
			defaultConfigurationName = Release;
		};
/* End XCConfigurationList section */

/* Begin XCVersionGroup section */
		679966931CDA4ABF00FF52C6 /* WeeDoo.xcdatamodeld */ = {
			isa = XCVersionGroup;
			children = (
				679966941CDA4ABF00FF52C6 /* WeeDoo.xcdatamodel */,
			);
			currentVersion = 679966941CDA4ABF00FF52C6 /* WeeDoo.xcdatamodel */;
			path = WeeDoo.xcdatamodeld;
			sourceTree = "<group>";
			versionGroupType = wrapper.xcdatamodel;
		};
/* End XCVersionGroup section */
	};
	rootObject = 679966811CDA4ABF00FF52C6 /* Project object */;
}
